// !$*UTF8*$!
{
	archiveVersion = 1;
	classes = {
	};
	objectVersion = 46;
	objects = {

/* Begin PBXBuildFile section */
		1A0C2E111ED0A17A00107D5B /* GitClient.swift in Sources */ = {isa = PBXBuildFile; fileRef = 1A0C2E101ED0A17A00107D5B /* GitClient.swift */; };
		1A0C2E1A1ED3DE8800107D5B /* Reusable.swift in Sources */ = {isa = PBXBuildFile; fileRef = 1A0C2E191ED3DE8800107D5B /* Reusable.swift */; };
		1A0C2E1C1ED52E6300107D5B /* Kingfisher.framework in Frameworks */ = {isa = PBXBuildFile; fileRef = 1A0C2E1B1ED52E6300107D5B /* Kingfisher.framework */; };
		1A0C2E1E1ED5304700107D5B /* RepositoryCell.swift in Sources */ = {isa = PBXBuildFile; fileRef = 1A0C2E1D1ED5304700107D5B /* RepositoryCell.swift */; };
		1A0C2E201ED5306A00107D5B /* ConfigurableCell.swift in Sources */ = {isa = PBXBuildFile; fileRef = 1A0C2E1F1ED5306A00107D5B /* ConfigurableCell.swift */; };
		1A118CD41ED7DD1E00486A88 /* ThemeColor.swift in Sources */ = {isa = PBXBuildFile; fileRef = 1A118CD31ED7DD1E00486A88 /* ThemeColor.swift */; };
		1A1420CC1EDFBD46008C850C /* FavoriteRepository.swift in Sources */ = {isa = PBXBuildFile; fileRef = 1A1420CB1EDFBD46008C850C /* FavoriteRepository.swift */; };
		1A1420CF1EDFC2C0008C850C /* PersistentStorage.swift in Sources */ = {isa = PBXBuildFile; fileRef = 1A1420CE1EDFC2C0008C850C /* PersistentStorage.swift */; };
		1A17BA2D1EDC785100D910AB /* FavoritesViewController.swift in Sources */ = {isa = PBXBuildFile; fileRef = 1A17BA2C1EDC785100D910AB /* FavoritesViewController.swift */; };
		1A18C61B1EDA8CC30039A9E0 /* PullRequest.swift in Sources */ = {isa = PBXBuildFile; fileRef = 1A18C61A1EDA8CC30039A9E0 /* PullRequest.swift */; };
		1A1AFF881EE797D50001A210 /* ShortcutActionInteractor.swift in Sources */ = {isa = PBXBuildFile; fileRef = 1A1AFF871EE797D50001A210 /* ShortcutActionInteractor.swift */; };
		1A1AFF8A1EE79F690001A210 /* CurrentUser.swift in Sources */ = {isa = PBXBuildFile; fileRef = 1A1AFF891EE79F690001A210 /* CurrentUser.swift */; };
		1A1AFF8C1EE7A57E0001A210 /* CurrentUserCache.swift in Sources */ = {isa = PBXBuildFile; fileRef = 1A1AFF8B1EE7A57E0001A210 /* CurrentUserCache.swift */; };
		1A1AFF8E1EE7A74B0001A210 /* AppRouter.swift in Sources */ = {isa = PBXBuildFile; fileRef = 1A1AFF8D1EE7A74B0001A210 /* AppRouter.swift */; };
		1A1AFF901EE8EDBD0001A210 /* LaunchStoryboard.storyboard in Resources */ = {isa = PBXBuildFile; fileRef = 1A1AFF8F1EE8EDBD0001A210 /* LaunchStoryboard.storyboard */; };
		1A1AFF921EE8EFB60001A210 /* Assets.xcassets in Resources */ = {isa = PBXBuildFile; fileRef = 1A1AFF911EE8EFB60001A210 /* Assets.xcassets */; };
		1A4A98CA1EEA3F5600C110EA /* OnePasswordExtension.framework in Frameworks */ = {isa = PBXBuildFile; fileRef = 1A4A98C91EEA3F5600C110EA /* OnePasswordExtension.framework */; };
		1A680C4C1EC54E50009D2ECC /* GitService.swift in Sources */ = {isa = PBXBuildFile; fileRef = 1A680C4B1EC54E50009D2ECC /* GitService.swift */; };
		1A7AAE4E1ED0B3CB00D29908 /* BitbucketRequests.swift in Sources */ = {isa = PBXBuildFile; fileRef = 1A7AAE4D1ED0B3CB00D29908 /* BitbucketRequests.swift */; };
		1A7ABF4C1EC3F82E00752AF9 /* NetworkClient.swift in Sources */ = {isa = PBXBuildFile; fileRef = 1A7ABF4B1EC3F82E00752AF9 /* NetworkClient.swift */; };
		1A7ABF4E1EC3FC3600752AF9 /* Errors.swift in Sources */ = {isa = PBXBuildFile; fileRef = 1A7ABF4D1EC3FC3600752AF9 /* Errors.swift */; };
		1A7ABF501EC3FCF500752AF9 /* JSONParsing.swift in Sources */ = {isa = PBXBuildFile; fileRef = 1A7ABF4F1EC3FCF500752AF9 /* JSONParsing.swift */; };
		1A7ABF531EC4040E00752AF9 /* PromiseKit.framework in Frameworks */ = {isa = PBXBuildFile; fileRef = 1A7ABF521EC4040E00752AF9 /* PromiseKit.framework */; };
		1A7B5EA11EC1656200F9EC65 /* User.swift in Sources */ = {isa = PBXBuildFile; fileRef = 1A7B5EA01EC1656200F9EC65 /* User.swift */; };
		1A86E98D1EEF87B000A7C007 /* ContentInsetLabel.swift in Sources */ = {isa = PBXBuildFile; fileRef = 1A86E98C1EEF87B000A7C007 /* ContentInsetLabel.swift */; };
		1A8769BD1ED8AB4200895E89 /* GithubOAuth.swift in Sources */ = {isa = PBXBuildFile; fileRef = 1A8769BC1ED8AB4200895E89 /* GithubOAuth.swift */; };
		1A97CB641EE4F64D00EF8BD6 /* BitbucketResults.swift in Sources */ = {isa = PBXBuildFile; fileRef = 1A97CB631EE4F64D00EF8BD6 /* BitbucketResults.swift */; };
		1A9A88831ED209A400A0D8A6 /* Response.swift in Sources */ = {isa = PBXBuildFile; fileRef = 1A9A88821ED209A400A0D8A6 /* Response.swift */; };
		1A9A88871ED22EAF00A0D8A6 /* Repository.swift in Sources */ = {isa = PBXBuildFile; fileRef = 1A9A88861ED22EAF00A0D8A6 /* Repository.swift */; };
		1A9C78A31EDA30D300BAA9BA /* OAuth.plist in Resources */ = {isa = PBXBuildFile; fileRef = 1A9C78A21EDA30D300BAA9BA /* OAuth.plist */; };
		1AA4FFCF1EC15DA100F26BAB /* AppDelegate.swift in Sources */ = {isa = PBXBuildFile; fileRef = 1AA4FFCE1EC15DA100F26BAB /* AppDelegate.swift */; };
		1AA4FFD11EC15DA100F26BAB /* GitServicesAuthorizationViewController.swift in Sources */ = {isa = PBXBuildFile; fileRef = 1AA4FFD01EC15DA100F26BAB /* GitServicesAuthorizationViewController.swift */; };
		1AA4FFE41EC15DA100F26BAB /* DateToDataConversionTests.swift in Sources */ = {isa = PBXBuildFile; fileRef = 1AA4FFE31EC15DA100F26BAB /* DateToDataConversionTests.swift */; };
		1AA4FFEF1EC15DA100F26BAB /* SinceLastUITests.swift in Sources */ = {isa = PBXBuildFile; fileRef = 1AA4FFEE1EC15DA100F26BAB /* SinceLastUITests.swift */; };
		1AA4FFFD1EC161F100F26BAB /* Commit.swift in Sources */ = {isa = PBXBuildFile; fileRef = 1AA4FFFC1EC161F100F26BAB /* Commit.swift */; };
		1AA9F0B31EDD097100E13904 /* RepositoryOwnersViewController.swift in Sources */ = {isa = PBXBuildFile; fileRef = 1AA9F0B21EDD097100E13904 /* RepositoryOwnersViewController.swift */; };
		1AA9F0B51EDD0A3200E13904 /* EmptyView.swift in Sources */ = {isa = PBXBuildFile; fileRef = 1AA9F0B41EDD0A3200E13904 /* EmptyView.swift */; };
		1AA9F0B71EDD0D4A00E13904 /* RepositoryOwnerCell.swift in Sources */ = {isa = PBXBuildFile; fileRef = 1AA9F0B61EDD0D4A00E13904 /* RepositoryOwnerCell.swift */; };
		1AAC21CD1EC7AC9D0038B14A /* PlistReader.swift in Sources */ = {isa = PBXBuildFile; fileRef = 1AAC21CC1EC7AC9D0038B14A /* PlistReader.swift */; };
		1AAC21CF1EC7AE040038B14A /* ApplicationURLOpening.swift in Sources */ = {isa = PBXBuildFile; fileRef = 1AAC21CE1EC7AE040038B14A /* ApplicationURLOpening.swift */; };
		1AAC21D21EC7B0B60038B14A /* RepositoriesViewController.swift in Sources */ = {isa = PBXBuildFile; fileRef = 1AAC21D11EC7B0B60038B14A /* RepositoriesViewController.swift */; };
		1AAC21D41EC7B5210038B14A /* OAuthURLValidator.swift in Sources */ = {isa = PBXBuildFile; fileRef = 1AAC21D31EC7B5210038B14A /* OAuthURLValidator.swift */; };
		1AAE2A8A1EC2BD62009D1499 /* OAuth.swift in Sources */ = {isa = PBXBuildFile; fileRef = 1AAE2A891EC2BD62009D1499 /* OAuth.swift */; };
		1ABD6BB91ED7903000AD002E /* Pastel.framework in Frameworks */ = {isa = PBXBuildFile; fileRef = 1ABD6BB81ED7903000AD002E /* Pastel.framework */; };
		1ABD6BBB1ED791F500AD002E /* CommitsViewController.swift in Sources */ = {isa = PBXBuildFile; fileRef = 1ABD6BBA1ED791F500AD002E /* CommitsViewController.swift */; };
		1ABD6BBD1ED7938600AD002E /* CommitCell.swift in Sources */ = {isa = PBXBuildFile; fileRef = 1ABD6BBC1ED7938600AD002E /* CommitCell.swift */; };
		1AC3C6641EC5F235001E03B7 /* WebBrowserViewController.swift in Sources */ = {isa = PBXBuildFile; fileRef = 1AC3C6631EC5F235001E03B7 /* WebBrowserViewController.swift */; };
		1AD3832B1EE2802C0074832B /* FavoriteCell.swift in Sources */ = {isa = PBXBuildFile; fileRef = 1AD3832A1EE2802C0074832B /* FavoriteCell.swift */; };
		1AE2D07B1EC7F5EB0007ACBD /* AppCoordinator.swift in Sources */ = {isa = PBXBuildFile; fileRef = 1AE2D07A1EC7F5EB0007ACBD /* AppCoordinator.swift */; };
		1AE2D07D1EC7F7A00007ACBD /* OAuthCredentials.swift in Sources */ = {isa = PBXBuildFile; fileRef = 1AE2D07C1EC7F7A00007ACBD /* OAuthCredentials.swift */; };
		1AE2D07F1EC804960007ACBD /* Request.swift in Sources */ = {isa = PBXBuildFile; fileRef = 1AE2D07E1EC804960007ACBD /* Request.swift */; };
		1AE2D0811EC812BA0007ACBD /* URLRequestBuilder.swift in Sources */ = {isa = PBXBuildFile; fileRef = 1AE2D0801EC812BA0007ACBD /* URLRequestBuilder.swift */; };
		1AE9733D1EE64DE000FACE7D /* ViewState.swift in Sources */ = {isa = PBXBuildFile; fileRef = 1AE9733C1EE64DE000FACE7D /* ViewState.swift */; };
		1AED93C91ECFD87C0017FAD6 /* AuthorizationHeaderScheme.swift in Sources */ = {isa = PBXBuildFile; fileRef = 1AED93C81ECFD87C0017FAD6 /* AuthorizationHeaderScheme.swift */; };
		1AED93CB1ECFD88D0017FAD6 /* OAuthAccessTokenRequest.swift in Sources */ = {isa = PBXBuildFile; fileRef = 1AED93CA1ECFD88D0017FAD6 /* OAuthAccessTokenRequest.swift */; };
		1AED93CF1ECFD9C20017FAD6 /* BitbucketOAuth.swift in Sources */ = {isa = PBXBuildFile; fileRef = 1AED93CE1ECFD9C20017FAD6 /* BitbucketOAuth.swift */; };
		1AED93D21ECFDBAD0017FAD6 /* TokenStorage.swift in Sources */ = {isa = PBXBuildFile; fileRef = 1AED93D11ECFDBAD0017FAD6 /* TokenStorage.swift */; };
		1AED93D41ECFE7B90017FAD6 /* KeychainAccess.framework in Frameworks */ = {isa = PBXBuildFile; fileRef = 1AED93D31ECFE7B90017FAD6 /* KeychainAccess.framework */; };
		1AED93D61ECFE8C20017FAD6 /* OAuthAccessTokenTests.swift in Sources */ = {isa = PBXBuildFile; fileRef = 1AED93D51ECFE8C20017FAD6 /* OAuthAccessTokenTests.swift */; };
		1AED93D81ECFEF440017FAD6 /* OAuthAccessToken.swift in Sources */ = {isa = PBXBuildFile; fileRef = 1AED93D71ECFEF440017FAD6 /* OAuthAccessToken.swift */; };
		1AED93DA1ECFF0660017FAD6 /* DateHelpers.swift in Sources */ = {isa = PBXBuildFile; fileRef = 1AED93D91ECFF0660017FAD6 /* DateHelpers.swift */; };
		1AF4FF751EEE42A100937FA3 /* Branch.swift in Sources */ = {isa = PBXBuildFile; fileRef = 1AF4FF741EEE42A100937FA3 /* Branch.swift */; };
		1AF5E4AD1ED6762500040FA7 /* SettingsViewController.swift in Sources */ = {isa = PBXBuildFile; fileRef = 1AF5E4AC1ED6762500040FA7 /* SettingsViewController.swift */; };
		1AF5E4AF1ED676FE00040FA7 /* CaseCountable.swift in Sources */ = {isa = PBXBuildFile; fileRef = 1AF5E4AE1ED676FE00040FA7 /* CaseCountable.swift */; };
		1AF5E4B11ED67A7200040FA7 /* SettingsCell.swift in Sources */ = {isa = PBXBuildFile; fileRef = 1AF5E4B01ED67A7200040FA7 /* SettingsCell.swift */; };
/* End PBXBuildFile section */

/* Begin PBXContainerItemProxy section */
		1AA4FFE01EC15DA100F26BAB /* PBXContainerItemProxy */ = {
			isa = PBXContainerItemProxy;
			containerPortal = 1AA4FFC31EC15DA100F26BAB /* Project object */;
			proxyType = 1;
			remoteGlobalIDString = 1AA4FFCA1EC15DA100F26BAB;
			remoteInfo = SinceLast;
		};
		1AA4FFEB1EC15DA100F26BAB /* PBXContainerItemProxy */ = {
			isa = PBXContainerItemProxy;
			containerPortal = 1AA4FFC31EC15DA100F26BAB /* Project object */;
			proxyType = 1;
			remoteGlobalIDString = 1AA4FFCA1EC15DA100F26BAB;
			remoteInfo = SinceLast;
		};
/* End PBXContainerItemProxy section */

/* Begin PBXFileReference section */
		1A0C2E101ED0A17A00107D5B /* GitClient.swift */ = {isa = PBXFileReference; fileEncoding = 4; lastKnownFileType = sourcecode.swift; path = GitClient.swift; sourceTree = "<group>"; };
		1A0C2E151ED3DDC600107D5B /* IGListKit.framework.dSYM */ = {isa = PBXFileReference; lastKnownFileType = wrapper.dsym; name = IGListKit.framework.dSYM; path = Carthage/Build/Mac/IGListKit.framework.dSYM; sourceTree = "<group>"; };
		1A0C2E171ED3DDD000107D5B /* IGListKit.framework */ = {isa = PBXFileReference; lastKnownFileType = wrapper.framework; name = IGListKit.framework; path = Carthage/Build/Mac/IGListKit.framework; sourceTree = "<group>"; };
		1A0C2E191ED3DE8800107D5B /* Reusable.swift */ = {isa = PBXFileReference; fileEncoding = 4; lastKnownFileType = sourcecode.swift; path = Reusable.swift; sourceTree = "<group>"; };
		1A0C2E1B1ED52E6300107D5B /* Kingfisher.framework */ = {isa = PBXFileReference; lastKnownFileType = wrapper.framework; name = Kingfisher.framework; path = Carthage/Build/iOS/Kingfisher.framework; sourceTree = "<group>"; };
		1A0C2E1D1ED5304700107D5B /* RepositoryCell.swift */ = {isa = PBXFileReference; fileEncoding = 4; lastKnownFileType = sourcecode.swift; path = RepositoryCell.swift; sourceTree = "<group>"; };
		1A0C2E1F1ED5306A00107D5B /* ConfigurableCell.swift */ = {isa = PBXFileReference; fileEncoding = 4; lastKnownFileType = sourcecode.swift; path = ConfigurableCell.swift; sourceTree = "<group>"; };
		1A118CD31ED7DD1E00486A88 /* ThemeColor.swift */ = {isa = PBXFileReference; fileEncoding = 4; lastKnownFileType = sourcecode.swift; path = ThemeColor.swift; sourceTree = "<group>"; };
		1A1420CB1EDFBD46008C850C /* FavoriteRepository.swift */ = {isa = PBXFileReference; fileEncoding = 4; lastKnownFileType = sourcecode.swift; path = FavoriteRepository.swift; sourceTree = "<group>"; };
		1A1420CE1EDFC2C0008C850C /* PersistentStorage.swift */ = {isa = PBXFileReference; fileEncoding = 4; lastKnownFileType = sourcecode.swift; path = PersistentStorage.swift; sourceTree = "<group>"; };
		1A17BA2C1EDC785100D910AB /* FavoritesViewController.swift */ = {isa = PBXFileReference; fileEncoding = 4; lastKnownFileType = sourcecode.swift; path = FavoritesViewController.swift; sourceTree = "<group>"; };
		1A18C61A1EDA8CC30039A9E0 /* PullRequest.swift */ = {isa = PBXFileReference; fileEncoding = 4; lastKnownFileType = sourcecode.swift; path = PullRequest.swift; sourceTree = "<group>"; };
		1A1AFF871EE797D50001A210 /* ShortcutActionInteractor.swift */ = {isa = PBXFileReference; fileEncoding = 4; lastKnownFileType = sourcecode.swift; path = ShortcutActionInteractor.swift; sourceTree = "<group>"; };
		1A1AFF891EE79F690001A210 /* CurrentUser.swift */ = {isa = PBXFileReference; fileEncoding = 4; lastKnownFileType = sourcecode.swift; path = CurrentUser.swift; sourceTree = "<group>"; };
		1A1AFF8B1EE7A57E0001A210 /* CurrentUserCache.swift */ = {isa = PBXFileReference; fileEncoding = 4; lastKnownFileType = sourcecode.swift; path = CurrentUserCache.swift; sourceTree = "<group>"; };
		1A1AFF8D1EE7A74B0001A210 /* AppRouter.swift */ = {isa = PBXFileReference; fileEncoding = 4; lastKnownFileType = sourcecode.swift; path = AppRouter.swift; sourceTree = "<group>"; };
		1A1AFF8F1EE8EDBD0001A210 /* LaunchStoryboard.storyboard */ = {isa = PBXFileReference; fileEncoding = 4; lastKnownFileType = file.storyboard; path = LaunchStoryboard.storyboard; sourceTree = "<group>"; };
		1A1AFF911EE8EFB60001A210 /* Assets.xcassets */ = {isa = PBXFileReference; lastKnownFileType = folder.assetcatalog; path = Assets.xcassets; sourceTree = "<group>"; };
		1A4A98C91EEA3F5600C110EA /* OnePasswordExtension.framework */ = {isa = PBXFileReference; lastKnownFileType = wrapper.framework; name = OnePasswordExtension.framework; path = Carthage/Build/iOS/OnePasswordExtension.framework; sourceTree = "<group>"; };
		1A680C4B1EC54E50009D2ECC /* GitService.swift */ = {isa = PBXFileReference; fileEncoding = 4; lastKnownFileType = sourcecode.swift; path = GitService.swift; sourceTree = "<group>"; };
		1A7AAE4D1ED0B3CB00D29908 /* BitbucketRequests.swift */ = {isa = PBXFileReference; fileEncoding = 4; lastKnownFileType = sourcecode.swift; path = BitbucketRequests.swift; sourceTree = "<group>"; };
		1A7ABF4B1EC3F82E00752AF9 /* NetworkClient.swift */ = {isa = PBXFileReference; fileEncoding = 4; lastKnownFileType = sourcecode.swift; path = NetworkClient.swift; sourceTree = "<group>"; };
		1A7ABF4D1EC3FC3600752AF9 /* Errors.swift */ = {isa = PBXFileReference; fileEncoding = 4; lastKnownFileType = sourcecode.swift; path = Errors.swift; sourceTree = "<group>"; };
		1A7ABF4F1EC3FCF500752AF9 /* JSONParsing.swift */ = {isa = PBXFileReference; fileEncoding = 4; lastKnownFileType = sourcecode.swift; path = JSONParsing.swift; sourceTree = "<group>"; };
		1A7ABF521EC4040E00752AF9 /* PromiseKit.framework */ = {isa = PBXFileReference; lastKnownFileType = wrapper.framework; name = PromiseKit.framework; path = Carthage/Build/iOS/PromiseKit.framework; sourceTree = "<group>"; };
		1A7B5EA01EC1656200F9EC65 /* User.swift */ = {isa = PBXFileReference; fileEncoding = 4; lastKnownFileType = sourcecode.swift; path = User.swift; sourceTree = "<group>"; };
		1A86E98C1EEF87B000A7C007 /* ContentInsetLabel.swift */ = {isa = PBXFileReference; fileEncoding = 4; lastKnownFileType = sourcecode.swift; path = ContentInsetLabel.swift; sourceTree = "<group>"; };
		1A8769BC1ED8AB4200895E89 /* GithubOAuth.swift */ = {isa = PBXFileReference; fileEncoding = 4; lastKnownFileType = sourcecode.swift; path = GithubOAuth.swift; sourceTree = "<group>"; };
		1A97CB631EE4F64D00EF8BD6 /* BitbucketResults.swift */ = {isa = PBXFileReference; fileEncoding = 4; lastKnownFileType = sourcecode.swift; path = BitbucketResults.swift; sourceTree = "<group>"; };
		1A9A88821ED209A400A0D8A6 /* Response.swift */ = {isa = PBXFileReference; fileEncoding = 4; lastKnownFileType = sourcecode.swift; path = Response.swift; sourceTree = "<group>"; };
		1A9A88861ED22EAF00A0D8A6 /* Repository.swift */ = {isa = PBXFileReference; fileEncoding = 4; lastKnownFileType = sourcecode.swift; path = Repository.swift; sourceTree = "<group>"; };
		1A9C78A21EDA30D300BAA9BA /* OAuth.plist */ = {isa = PBXFileReference; fileEncoding = 4; lastKnownFileType = text.plist.xml; path = OAuth.plist; sourceTree = "<group>"; };
		1AA4FFCB1EC15DA100F26BAB /* SinceLast.app */ = {isa = PBXFileReference; explicitFileType = wrapper.application; includeInIndex = 0; path = SinceLast.app; sourceTree = BUILT_PRODUCTS_DIR; };
		1AA4FFCE1EC15DA100F26BAB /* AppDelegate.swift */ = {isa = PBXFileReference; lastKnownFileType = sourcecode.swift; path = AppDelegate.swift; sourceTree = "<group>"; };
		1AA4FFD01EC15DA100F26BAB /* GitServicesAuthorizationViewController.swift */ = {isa = PBXFileReference; lastKnownFileType = sourcecode.swift; path = GitServicesAuthorizationViewController.swift; sourceTree = "<group>"; };
		1AA4FFDA1EC15DA100F26BAB /* Info.plist */ = {isa = PBXFileReference; lastKnownFileType = text.plist.xml; path = Info.plist; sourceTree = "<group>"; };
		1AA4FFDF1EC15DA100F26BAB /* SinceLastTests.xctest */ = {isa = PBXFileReference; explicitFileType = wrapper.cfbundle; includeInIndex = 0; path = SinceLastTests.xctest; sourceTree = BUILT_PRODUCTS_DIR; };
		1AA4FFE31EC15DA100F26BAB /* DateToDataConversionTests.swift */ = {isa = PBXFileReference; lastKnownFileType = sourcecode.swift; path = DateToDataConversionTests.swift; sourceTree = "<group>"; };
		1AA4FFE51EC15DA100F26BAB /* Info.plist */ = {isa = PBXFileReference; lastKnownFileType = text.plist.xml; path = Info.plist; sourceTree = "<group>"; };
		1AA4FFEA1EC15DA100F26BAB /* SinceLastUITests.xctest */ = {isa = PBXFileReference; explicitFileType = wrapper.cfbundle; includeInIndex = 0; path = SinceLastUITests.xctest; sourceTree = BUILT_PRODUCTS_DIR; };
		1AA4FFEE1EC15DA100F26BAB /* SinceLastUITests.swift */ = {isa = PBXFileReference; lastKnownFileType = sourcecode.swift; path = SinceLastUITests.swift; sourceTree = "<group>"; };
		1AA4FFF01EC15DA100F26BAB /* Info.plist */ = {isa = PBXFileReference; lastKnownFileType = text.plist.xml; path = Info.plist; sourceTree = "<group>"; };
		1AA4FFFC1EC161F100F26BAB /* Commit.swift */ = {isa = PBXFileReference; fileEncoding = 4; lastKnownFileType = sourcecode.swift; path = Commit.swift; sourceTree = "<group>"; };
		1AA9F0B21EDD097100E13904 /* RepositoryOwnersViewController.swift */ = {isa = PBXFileReference; fileEncoding = 4; lastKnownFileType = sourcecode.swift; path = RepositoryOwnersViewController.swift; sourceTree = "<group>"; };
		1AA9F0B41EDD0A3200E13904 /* EmptyView.swift */ = {isa = PBXFileReference; fileEncoding = 4; lastKnownFileType = sourcecode.swift; path = EmptyView.swift; sourceTree = "<group>"; };
		1AA9F0B61EDD0D4A00E13904 /* RepositoryOwnerCell.swift */ = {isa = PBXFileReference; fileEncoding = 4; lastKnownFileType = sourcecode.swift; path = RepositoryOwnerCell.swift; sourceTree = "<group>"; };
		1AAC21CC1EC7AC9D0038B14A /* PlistReader.swift */ = {isa = PBXFileReference; fileEncoding = 4; lastKnownFileType = sourcecode.swift; path = PlistReader.swift; sourceTree = "<group>"; };
		1AAC21CE1EC7AE040038B14A /* ApplicationURLOpening.swift */ = {isa = PBXFileReference; fileEncoding = 4; lastKnownFileType = sourcecode.swift; path = ApplicationURLOpening.swift; sourceTree = "<group>"; };
		1AAC21D11EC7B0B60038B14A /* RepositoriesViewController.swift */ = {isa = PBXFileReference; fileEncoding = 4; lastKnownFileType = sourcecode.swift; path = RepositoriesViewController.swift; sourceTree = "<group>"; };
		1AAC21D31EC7B5210038B14A /* OAuthURLValidator.swift */ = {isa = PBXFileReference; fileEncoding = 4; lastKnownFileType = sourcecode.swift; path = OAuthURLValidator.swift; sourceTree = "<group>"; };
		1AAE2A891EC2BD62009D1499 /* OAuth.swift */ = {isa = PBXFileReference; fileEncoding = 4; lastKnownFileType = sourcecode.swift; path = OAuth.swift; sourceTree = "<group>"; };
		1ABD6BB81ED7903000AD002E /* Pastel.framework */ = {isa = PBXFileReference; lastKnownFileType = wrapper.framework; name = Pastel.framework; path = Carthage/Build/iOS/Pastel.framework; sourceTree = "<group>"; };
		1ABD6BBA1ED791F500AD002E /* CommitsViewController.swift */ = {isa = PBXFileReference; fileEncoding = 4; lastKnownFileType = sourcecode.swift; path = CommitsViewController.swift; sourceTree = "<group>"; };
		1ABD6BBC1ED7938600AD002E /* CommitCell.swift */ = {isa = PBXFileReference; fileEncoding = 4; lastKnownFileType = sourcecode.swift; path = CommitCell.swift; sourceTree = "<group>"; };
		1AC3C6631EC5F235001E03B7 /* WebBrowserViewController.swift */ = {isa = PBXFileReference; fileEncoding = 4; lastKnownFileType = sourcecode.swift; path = WebBrowserViewController.swift; sourceTree = "<group>"; };
		1AD3832A1EE2802C0074832B /* FavoriteCell.swift */ = {isa = PBXFileReference; fileEncoding = 4; lastKnownFileType = sourcecode.swift; path = FavoriteCell.swift; sourceTree = "<group>"; };
		1AE2D07A1EC7F5EB0007ACBD /* AppCoordinator.swift */ = {isa = PBXFileReference; fileEncoding = 4; lastKnownFileType = sourcecode.swift; path = AppCoordinator.swift; sourceTree = "<group>"; };
		1AE2D07C1EC7F7A00007ACBD /* OAuthCredentials.swift */ = {isa = PBXFileReference; fileEncoding = 4; lastKnownFileType = sourcecode.swift; path = OAuthCredentials.swift; sourceTree = "<group>"; };
		1AE2D07E1EC804960007ACBD /* Request.swift */ = {isa = PBXFileReference; fileEncoding = 4; lastKnownFileType = sourcecode.swift; path = Request.swift; sourceTree = "<group>"; };
		1AE2D0801EC812BA0007ACBD /* URLRequestBuilder.swift */ = {isa = PBXFileReference; fileEncoding = 4; lastKnownFileType = sourcecode.swift; path = URLRequestBuilder.swift; sourceTree = "<group>"; };
		1AE9733C1EE64DE000FACE7D /* ViewState.swift */ = {isa = PBXFileReference; fileEncoding = 4; lastKnownFileType = sourcecode.swift; path = ViewState.swift; sourceTree = "<group>"; };
		1AED93C81ECFD87C0017FAD6 /* AuthorizationHeaderScheme.swift */ = {isa = PBXFileReference; fileEncoding = 4; lastKnownFileType = sourcecode.swift; path = AuthorizationHeaderScheme.swift; sourceTree = "<group>"; };
		1AED93CA1ECFD88D0017FAD6 /* OAuthAccessTokenRequest.swift */ = {isa = PBXFileReference; fileEncoding = 4; lastKnownFileType = sourcecode.swift; path = OAuthAccessTokenRequest.swift; sourceTree = "<group>"; };
		1AED93CE1ECFD9C20017FAD6 /* BitbucketOAuth.swift */ = {isa = PBXFileReference; fileEncoding = 4; lastKnownFileType = sourcecode.swift; path = BitbucketOAuth.swift; sourceTree = "<group>"; };
		1AED93D11ECFDBAD0017FAD6 /* TokenStorage.swift */ = {isa = PBXFileReference; fileEncoding = 4; lastKnownFileType = sourcecode.swift; path = TokenStorage.swift; sourceTree = "<group>"; };
		1AED93D31ECFE7B90017FAD6 /* KeychainAccess.framework */ = {isa = PBXFileReference; lastKnownFileType = wrapper.framework; name = KeychainAccess.framework; path = Carthage/Build/iOS/KeychainAccess.framework; sourceTree = "<group>"; };
		1AED93D51ECFE8C20017FAD6 /* OAuthAccessTokenTests.swift */ = {isa = PBXFileReference; fileEncoding = 4; lastKnownFileType = sourcecode.swift; path = OAuthAccessTokenTests.swift; sourceTree = "<group>"; };
		1AED93D71ECFEF440017FAD6 /* OAuthAccessToken.swift */ = {isa = PBXFileReference; fileEncoding = 4; lastKnownFileType = sourcecode.swift; path = OAuthAccessToken.swift; sourceTree = "<group>"; };
		1AED93D91ECFF0660017FAD6 /* DateHelpers.swift */ = {isa = PBXFileReference; fileEncoding = 4; lastKnownFileType = sourcecode.swift; path = DateHelpers.swift; sourceTree = "<group>"; };
		1AF4FF741EEE42A100937FA3 /* Branch.swift */ = {isa = PBXFileReference; fileEncoding = 4; lastKnownFileType = sourcecode.swift; path = Branch.swift; sourceTree = "<group>"; };
		1AF5E4AC1ED6762500040FA7 /* SettingsViewController.swift */ = {isa = PBXFileReference; fileEncoding = 4; lastKnownFileType = sourcecode.swift; path = SettingsViewController.swift; sourceTree = "<group>"; };
		1AF5E4AE1ED676FE00040FA7 /* CaseCountable.swift */ = {isa = PBXFileReference; fileEncoding = 4; lastKnownFileType = sourcecode.swift; path = CaseCountable.swift; sourceTree = "<group>"; };
		1AF5E4B01ED67A7200040FA7 /* SettingsCell.swift */ = {isa = PBXFileReference; fileEncoding = 4; lastKnownFileType = sourcecode.swift; path = SettingsCell.swift; sourceTree = "<group>"; };
/* End PBXFileReference section */

/* Begin PBXFrameworksBuildPhase section */
		1AA4FFC81EC15DA100F26BAB /* Frameworks */ = {
			isa = PBXFrameworksBuildPhase;
			buildActionMask = 2147483647;
			files = (
				1AED93D41ECFE7B90017FAD6 /* KeychainAccess.framework in Frameworks */,
				1A7ABF531EC4040E00752AF9 /* PromiseKit.framework in Frameworks */,
				1A0C2E1C1ED52E6300107D5B /* Kingfisher.framework in Frameworks */,
				1ABD6BB91ED7903000AD002E /* Pastel.framework in Frameworks */,
				1A4A98CA1EEA3F5600C110EA /* OnePasswordExtension.framework in Frameworks */,
			);
			runOnlyForDeploymentPostprocessing = 0;
		};
		1AA4FFDC1EC15DA100F26BAB /* Frameworks */ = {
			isa = PBXFrameworksBuildPhase;
			buildActionMask = 2147483647;
			files = (
			);
			runOnlyForDeploymentPostprocessing = 0;
		};
		1AA4FFE71EC15DA100F26BAB /* Frameworks */ = {
			isa = PBXFrameworksBuildPhase;
			buildActionMask = 2147483647;
			files = (
			);
			runOnlyForDeploymentPostprocessing = 0;
		};
/* End PBXFrameworksBuildPhase section */

/* Begin PBXGroup section */
		1A0C2E211ED5308100107D5B /* Views */ = {
			isa = PBXGroup;
			children = (
				1A0C2E1F1ED5306A00107D5B /* ConfigurableCell.swift */,
				1A0C2E1D1ED5304700107D5B /* RepositoryCell.swift */,
				1AA9F0B61EDD0D4A00E13904 /* RepositoryOwnerCell.swift */,
				1AD3832A1EE2802C0074832B /* FavoriteCell.swift */,
				1ABD6BBC1ED7938600AD002E /* CommitCell.swift */,
				1AF5E4B01ED67A7200040FA7 /* SettingsCell.swift */,
				1AA9F0B41EDD0A3200E13904 /* EmptyView.swift */,
				1A86E98C1EEF87B000A7C007 /* ContentInsetLabel.swift */,
			);
			name = Views;
			sourceTree = "<group>";
		};
		1A1420CD1EDFBD60008C850C /* Codable Objects */ = {
			isa = PBXGroup;
			children = (
				1A1420CB1EDFBD46008C850C /* FavoriteRepository.swift */,
				1A1AFF891EE79F690001A210 /* CurrentUser.swift */,
			);
			name = "Codable Objects";
			sourceTree = "<group>";
		};
		1A7ABF511EC4040E00752AF9 /* Frameworks */ = {
			isa = PBXGroup;
			children = (
				1A4A98C91EEA3F5600C110EA /* OnePasswordExtension.framework */,
				1ABD6BB81ED7903000AD002E /* Pastel.framework */,
				1A0C2E1B1ED52E6300107D5B /* Kingfisher.framework */,
				1A0C2E171ED3DDD000107D5B /* IGListKit.framework */,
				1A0C2E151ED3DDC600107D5B /* IGListKit.framework.dSYM */,
				1AED93D31ECFE7B90017FAD6 /* KeychainAccess.framework */,
				1A7ABF521EC4040E00752AF9 /* PromiseKit.framework */,
			);
			name = Frameworks;
			sourceTree = "<group>";
		};
		1AA4FFC21EC15DA100F26BAB = {
			isa = PBXGroup;
			children = (
				1AA4FFCD1EC15DA100F26BAB /* SinceLast */,
				1AA4FFE21EC15DA100F26BAB /* SinceLastTests */,
				1AA4FFED1EC15DA100F26BAB /* SinceLastUITests */,
				1AA4FFCC1EC15DA100F26BAB /* Products */,
				1A7ABF511EC4040E00752AF9 /* Frameworks */,
			);
			sourceTree = "<group>";
		};
		1AA4FFCC1EC15DA100F26BAB /* Products */ = {
			isa = PBXGroup;
			children = (
				1AA4FFCB1EC15DA100F26BAB /* SinceLast.app */,
				1AA4FFDF1EC15DA100F26BAB /* SinceLastTests.xctest */,
				1AA4FFEA1EC15DA100F26BAB /* SinceLastUITests.xctest */,
			);
			name = Products;
			sourceTree = "<group>";
		};
		1AA4FFCD1EC15DA100F26BAB /* SinceLast */ = {
			isa = PBXGroup;
			children = (
				1AF4FF721EEE32B100937FA3 /* Application */,
				1AC3C65F1EC5EFA9001E03B7 /* ViewControllers */,
				1A0C2E211ED5308100107D5B /* Views */,
				1AC3C6601EC5EFC4001E03B7 /* Git Models */,
				1AC3C6611EC5EFE0001E03B7 /* Network */,
				1AAC21D01EC7AE4C0038B14A /* OAuth */,
				1AED93CD1ECFD8CA0017FAD6 /* Storage */,
				1AF4FF731EEE330800937FA3 /* Utilities */,
				1AC3C6621EC5EFEE001E03B7 /* Resources */,
			);
			path = SinceLast;
			sourceTree = "<group>";
		};
		1AA4FFE21EC15DA100F26BAB /* SinceLastTests */ = {
			isa = PBXGroup;
			children = (
				1AA4FFE31EC15DA100F26BAB /* DateToDataConversionTests.swift */,
				1AED93D51ECFE8C20017FAD6 /* OAuthAccessTokenTests.swift */,
				1AA4FFE51EC15DA100F26BAB /* Info.plist */,
			);
			path = SinceLastTests;
			sourceTree = "<group>";
		};
		1AA4FFED1EC15DA100F26BAB /* SinceLastUITests */ = {
			isa = PBXGroup;
			children = (
				1AA4FFEE1EC15DA100F26BAB /* SinceLastUITests.swift */,
				1AA4FFF01EC15DA100F26BAB /* Info.plist */,
			);
			path = SinceLastUITests;
			sourceTree = "<group>";
		};
		1AAC21D01EC7AE4C0038B14A /* OAuth */ = {
			isa = PBXGroup;
			children = (
				1AED93D01ECFD9D30017FAD6 /* OAuth Services */,
				1AAE2A891EC2BD62009D1499 /* OAuth.swift */,
				1AAC21D31EC7B5210038B14A /* OAuthURLValidator.swift */,
				1AED93D71ECFEF440017FAD6 /* OAuthAccessToken.swift */,
				1AED93C81ECFD87C0017FAD6 /* AuthorizationHeaderScheme.swift */,
			);
			name = OAuth;
			sourceTree = "<group>";
		};
		1AC3C65F1EC5EFA9001E03B7 /* ViewControllers */ = {
			isa = PBXGroup;
			children = (
				1AA4FFD01EC15DA100F26BAB /* GitServicesAuthorizationViewController.swift */,
				1A17BA2C1EDC785100D910AB /* FavoritesViewController.swift */,
				1AA9F0B21EDD097100E13904 /* RepositoryOwnersViewController.swift */,
				1AAC21D11EC7B0B60038B14A /* RepositoriesViewController.swift */,
				1ABD6BBA1ED791F500AD002E /* CommitsViewController.swift */,
				1AC3C6631EC5F235001E03B7 /* WebBrowserViewController.swift */,
				1AF5E4AC1ED6762500040FA7 /* SettingsViewController.swift */,
			);
			name = ViewControllers;
			sourceTree = "<group>";
		};
		1AC3C6601EC5EFC4001E03B7 /* Git Models */ = {
			isa = PBXGroup;
			children = (
				1AA4FFFC1EC161F100F26BAB /* Commit.swift */,
				1A18C61A1EDA8CC30039A9E0 /* PullRequest.swift */,
				1A9A88861ED22EAF00A0D8A6 /* Repository.swift */,
				1A7B5EA01EC1656200F9EC65 /* User.swift */,
				1AF4FF741EEE42A100937FA3 /* Branch.swift */,
			);
			name = "Git Models";
			sourceTree = "<group>";
		};
		1AC3C6611EC5EFE0001E03B7 /* Network */ = {
			isa = PBXGroup;
			children = (
				1AED93CC1ECFD8A20017FAD6 /* Requests */,
				1A7ABF4B1EC3F82E00752AF9 /* NetworkClient.swift */,
				1A0C2E101ED0A17A00107D5B /* GitClient.swift */,
				1A680C4B1EC54E50009D2ECC /* GitService.swift */,
				1A7ABF4F1EC3FCF500752AF9 /* JSONParsing.swift */,
				1AE2D0801EC812BA0007ACBD /* URLRequestBuilder.swift */,
			);
			name = Network;
			sourceTree = "<group>";
		};
		1AC3C6621EC5EFEE001E03B7 /* Resources */ = {
			isa = PBXGroup;
			children = (
				1A9C78A21EDA30D300BAA9BA /* OAuth.plist */,
				1A1AFF911EE8EFB60001A210 /* Assets.xcassets */,
				1AA4FFDA1EC15DA100F26BAB /* Info.plist */,
				1A1AFF8F1EE8EDBD0001A210 /* LaunchStoryboard.storyboard */,
			);
			name = Resources;
			sourceTree = "<group>";
		};
		1AED93CC1ECFD8A20017FAD6 /* Requests */ = {
			isa = PBXGroup;
			children = (
				1AE2D07E1EC804960007ACBD /* Request.swift */,
				1A9A88821ED209A400A0D8A6 /* Response.swift */,
				1AED93CA1ECFD88D0017FAD6 /* OAuthAccessTokenRequest.swift */,
				1A7AAE4D1ED0B3CB00D29908 /* BitbucketRequests.swift */,
				1A97CB631EE4F64D00EF8BD6 /* BitbucketResults.swift */,
			);
			name = Requests;
			sourceTree = "<group>";
		};
		1AED93CD1ECFD8CA0017FAD6 /* Storage */ = {
			isa = PBXGroup;
			children = (
				1A1420CD1EDFBD60008C850C /* Codable Objects */,
				1AED93D11ECFDBAD0017FAD6 /* TokenStorage.swift */,
				1A1420CE1EDFC2C0008C850C /* PersistentStorage.swift */,
				1A1AFF8B1EE7A57E0001A210 /* CurrentUserCache.swift */,
				1AAC21CC1EC7AC9D0038B14A /* PlistReader.swift */,
			);
			name = Storage;
			sourceTree = "<group>";
		};
		1AED93D01ECFD9D30017FAD6 /* OAuth Services */ = {
			isa = PBXGroup;
			children = (
				1AE2D07C1EC7F7A00007ACBD /* OAuthCredentials.swift */,
				1AED93CE1ECFD9C20017FAD6 /* BitbucketOAuth.swift */,
				1A8769BC1ED8AB4200895E89 /* GithubOAuth.swift */,
			);
			name = "OAuth Services";
			sourceTree = "<group>";
		};
		1AF4FF721EEE32B100937FA3 /* Application */ = {
			isa = PBXGroup;
			children = (
				1AA4FFCE1EC15DA100F26BAB /* AppDelegate.swift */,
				1AE2D07A1EC7F5EB0007ACBD /* AppCoordinator.swift */,
				1AAC21CE1EC7AE040038B14A /* ApplicationURLOpening.swift */,
				1A1AFF871EE797D50001A210 /* ShortcutActionInteractor.swift */,
				1A1AFF8D1EE7A74B0001A210 /* AppRouter.swift */,
			);
			name = Application;
			sourceTree = "<group>";
		};
		1AF4FF731EEE330800937FA3 /* Utilities */ = {
			isa = PBXGroup;
			children = (
				1A7ABF4D1EC3FC3600752AF9 /* Errors.swift */,
				1AED93D91ECFF0660017FAD6 /* DateHelpers.swift */,
				1A0C2E191ED3DE8800107D5B /* Reusable.swift */,
				1AF5E4AE1ED676FE00040FA7 /* CaseCountable.swift */,
				1AE9733C1EE64DE000FACE7D /* ViewState.swift */,
				1A118CD31ED7DD1E00486A88 /* ThemeColor.swift */,
			);
			name = Utilities;
			sourceTree = "<group>";
		};
/* End PBXGroup section */

/* Begin PBXNativeTarget section */
		1AA4FFCA1EC15DA100F26BAB /* SinceLast */ = {
			isa = PBXNativeTarget;
			buildConfigurationList = 1AA4FFF31EC15DA100F26BAB /* Build configuration list for PBXNativeTarget "SinceLast" */;
			buildPhases = (
				1AA4FFC71EC15DA100F26BAB /* Sources */,
				1AA4FFC81EC15DA100F26BAB /* Frameworks */,
				1AA4FFC91EC15DA100F26BAB /* Resources */,
				1A7ABF541EC4043600752AF9 /* Carthage Run Script */,
			);
			buildRules = (
			);
			dependencies = (
			);
			name = SinceLast;
			productName = SinceLast;
			productReference = 1AA4FFCB1EC15DA100F26BAB /* SinceLast.app */;
			productType = "com.apple.product-type.application";
		};
		1AA4FFDE1EC15DA100F26BAB /* SinceLastTests */ = {
			isa = PBXNativeTarget;
			buildConfigurationList = 1AA4FFF61EC15DA100F26BAB /* Build configuration list for PBXNativeTarget "SinceLastTests" */;
			buildPhases = (
				1AA4FFDB1EC15DA100F26BAB /* Sources */,
				1AA4FFDC1EC15DA100F26BAB /* Frameworks */,
				1AA4FFDD1EC15DA100F26BAB /* Resources */,
			);
			buildRules = (
			);
			dependencies = (
				1AA4FFE11EC15DA100F26BAB /* PBXTargetDependency */,
			);
			name = SinceLastTests;
			productName = SinceLastTests;
			productReference = 1AA4FFDF1EC15DA100F26BAB /* SinceLastTests.xctest */;
			productType = "com.apple.product-type.bundle.unit-test";
		};
		1AA4FFE91EC15DA100F26BAB /* SinceLastUITests */ = {
			isa = PBXNativeTarget;
			buildConfigurationList = 1AA4FFF91EC15DA100F26BAB /* Build configuration list for PBXNativeTarget "SinceLastUITests" */;
			buildPhases = (
				1AA4FFE61EC15DA100F26BAB /* Sources */,
				1AA4FFE71EC15DA100F26BAB /* Frameworks */,
				1AA4FFE81EC15DA100F26BAB /* Resources */,
			);
			buildRules = (
			);
			dependencies = (
				1AA4FFEC1EC15DA100F26BAB /* PBXTargetDependency */,
			);
			name = SinceLastUITests;
			productName = SinceLastUITests;
			productReference = 1AA4FFEA1EC15DA100F26BAB /* SinceLastUITests.xctest */;
			productType = "com.apple.product-type.bundle.ui-testing";
		};
/* End PBXNativeTarget section */

/* Begin PBXProject section */
		1AA4FFC31EC15DA100F26BAB /* Project object */ = {
			isa = PBXProject;
			attributes = {
				LastSwiftUpdateCheck = 0830;
				LastUpgradeCheck = 0830;
				ORGANIZATIONNAME = Incyc;
				TargetAttributes = {
					1AA4FFCA1EC15DA100F26BAB = {
						CreatedOnToolsVersion = 8.3.2;
						DevelopmentTeam = FPK49A3586;
						ProvisioningStyle = Automatic;
					};
					1AA4FFDE1EC15DA100F26BAB = {
						CreatedOnToolsVersion = 8.3.2;
						DevelopmentTeam = FPK49A3586;
						ProvisioningStyle = Automatic;
						TestTargetID = 1AA4FFCA1EC15DA100F26BAB;
					};
					1AA4FFE91EC15DA100F26BAB = {
						CreatedOnToolsVersion = 8.3.2;
						DevelopmentTeam = FPK49A3586;
						ProvisioningStyle = Automatic;
						TestTargetID = 1AA4FFCA1EC15DA100F26BAB;
					};
				};
			};
			buildConfigurationList = 1AA4FFC61EC15DA100F26BAB /* Build configuration list for PBXProject "SinceLast" */;
			compatibilityVersion = "Xcode 3.2";
			developmentRegion = English;
			hasScannedForEncodings = 0;
			knownRegions = (
				en,
				Base,
			);
			mainGroup = 1AA4FFC21EC15DA100F26BAB;
			productRefGroup = 1AA4FFCC1EC15DA100F26BAB /* Products */;
			projectDirPath = "";
			projectRoot = "";
			targets = (
				1AA4FFCA1EC15DA100F26BAB /* SinceLast */,
				1AA4FFDE1EC15DA100F26BAB /* SinceLastTests */,
				1AA4FFE91EC15DA100F26BAB /* SinceLastUITests */,
			);
		};
/* End PBXProject section */

/* Begin PBXResourcesBuildPhase section */
		1AA4FFC91EC15DA100F26BAB /* Resources */ = {
			isa = PBXResourcesBuildPhase;
			buildActionMask = 2147483647;
			files = (
				1A9C78A31EDA30D300BAA9BA /* OAuth.plist in Resources */,
				1A1AFF921EE8EFB60001A210 /* Assets.xcassets in Resources */,
				1A1AFF901EE8EDBD0001A210 /* LaunchStoryboard.storyboard in Resources */,
			);
			runOnlyForDeploymentPostprocessing = 0;
		};
		1AA4FFDD1EC15DA100F26BAB /* Resources */ = {
			isa = PBXResourcesBuildPhase;
			buildActionMask = 2147483647;
			files = (
			);
			runOnlyForDeploymentPostprocessing = 0;
		};
		1AA4FFE81EC15DA100F26BAB /* Resources */ = {
			isa = PBXResourcesBuildPhase;
			buildActionMask = 2147483647;
			files = (
			);
			runOnlyForDeploymentPostprocessing = 0;
		};
/* End PBXResourcesBuildPhase section */

/* Begin PBXShellScriptBuildPhase section */
		1A7ABF541EC4043600752AF9 /* Carthage Run Script */ = {
			isa = PBXShellScriptBuildPhase;
			buildActionMask = 2147483647;
			files = (
			);
			inputPaths = (
				"$(SRCROOT)/Carthage/Build/iOS/PromiseKit.framework",
				"$(SRCROOT)/Carthage/Build/iOS/KeychainAccess.framework",
				"$(SRCROOT)/Carthage/Build/iOS/Kingfisher.framework",
				"$(SRCROOT)/Carthage/Build/iOS/Pastel.framework",
				"$(SRCROOT)/Carthage/Build/iOS/OnePasswordExtension.framework",
			);
			name = "Carthage Run Script";
			outputPaths = (
			);
			runOnlyForDeploymentPostprocessing = 0;
			shellPath = /bin/sh;
			shellScript = "/usr/local/bin/carthage copy-frameworks";
		};
/* End PBXShellScriptBuildPhase section */

/* Begin PBXSourcesBuildPhase section */
		1AA4FFC71EC15DA100F26BAB /* Sources */ = {
			isa = PBXSourcesBuildPhase;
			buildActionMask = 2147483647;
			files = (
				1A17BA2D1EDC785100D910AB /* FavoritesViewController.swift in Sources */,
				1AE2D07D1EC7F7A00007ACBD /* OAuthCredentials.swift in Sources */,
				1A1AFF881EE797D50001A210 /* ShortcutActionInteractor.swift in Sources */,
				1A7AAE4E1ED0B3CB00D29908 /* BitbucketRequests.swift in Sources */,
				1A1AFF8C1EE7A57E0001A210 /* CurrentUserCache.swift in Sources */,
				1AED93D21ECFDBAD0017FAD6 /* TokenStorage.swift in Sources */,
				1A7B5EA11EC1656200F9EC65 /* User.swift in Sources */,
				1AAC21CD1EC7AC9D0038B14A /* PlistReader.swift in Sources */,
				1AED93C91ECFD87C0017FAD6 /* AuthorizationHeaderScheme.swift in Sources */,
				1AA4FFFD1EC161F100F26BAB /* Commit.swift in Sources */,
				1AF5E4AD1ED6762500040FA7 /* SettingsViewController.swift in Sources */,
				1A8769BD1ED8AB4200895E89 /* GithubOAuth.swift in Sources */,
				1AC3C6641EC5F235001E03B7 /* WebBrowserViewController.swift in Sources */,
				1A7ABF501EC3FCF500752AF9 /* JSONParsing.swift in Sources */,
				1A18C61B1EDA8CC30039A9E0 /* PullRequest.swift in Sources */,
				1AED93CF1ECFD9C20017FAD6 /* BitbucketOAuth.swift in Sources */,
				1A680C4C1EC54E50009D2ECC /* GitService.swift in Sources */,
				1AE2D07F1EC804960007ACBD /* Request.swift in Sources */,
				1AED93CB1ECFD88D0017FAD6 /* OAuthAccessTokenRequest.swift in Sources */,
				1AAC21D21EC7B0B60038B14A /* RepositoriesViewController.swift in Sources */,
				1AA9F0B71EDD0D4A00E13904 /* RepositoryOwnerCell.swift in Sources */,
				1A0C2E201ED5306A00107D5B /* ConfigurableCell.swift in Sources */,
				1A86E98D1EEF87B000A7C007 /* ContentInsetLabel.swift in Sources */,
				1A97CB641EE4F64D00EF8BD6 /* BitbucketResults.swift in Sources */,
				1AA4FFD11EC15DA100F26BAB /* GitServicesAuthorizationViewController.swift in Sources */,
				1AD3832B1EE2802C0074832B /* FavoriteCell.swift in Sources */,
				1A1420CF1EDFC2C0008C850C /* PersistentStorage.swift in Sources */,
				1AF5E4AF1ED676FE00040FA7 /* CaseCountable.swift in Sources */,
				1A0C2E1E1ED5304700107D5B /* RepositoryCell.swift in Sources */,
				1AA9F0B51EDD0A3200E13904 /* EmptyView.swift in Sources */,
				1AAC21D41EC7B5210038B14A /* OAuthURLValidator.swift in Sources */,
				1ABD6BBD1ED7938600AD002E /* CommitCell.swift in Sources */,
				1A1AFF8A1EE79F690001A210 /* CurrentUser.swift in Sources */,
				1AA9F0B31EDD097100E13904 /* RepositoryOwnersViewController.swift in Sources */,
				1AF5E4B11ED67A7200040FA7 /* SettingsCell.swift in Sources */,
				1ABD6BBB1ED791F500AD002E /* CommitsViewController.swift in Sources */,
				1A0C2E111ED0A17A00107D5B /* GitClient.swift in Sources */,
				1A1AFF8E1EE7A74B0001A210 /* AppRouter.swift in Sources */,
				1A9A88871ED22EAF00A0D8A6 /* Repository.swift in Sources */,
				1AF4FF751EEE42A100937FA3 /* Branch.swift in Sources */,
				1AE2D0811EC812BA0007ACBD /* URLRequestBuilder.swift in Sources */,
				1AA4FFCF1EC15DA100F26BAB /* AppDelegate.swift in Sources */,
				1AAE2A8A1EC2BD62009D1499 /* OAuth.swift in Sources */,
				1A1420CC1EDFBD46008C850C /* FavoriteRepository.swift in Sources */,
				1AE9733D1EE64DE000FACE7D /* ViewState.swift in Sources */,
				1A9A88831ED209A400A0D8A6 /* Response.swift in Sources */,
				1A118CD41ED7DD1E00486A88 /* ThemeColor.swift in Sources */,
				1AAC21CF1EC7AE040038B14A /* ApplicationURLOpening.swift in Sources */,
				1AED93DA1ECFF0660017FAD6 /* DateHelpers.swift in Sources */,
				1AE2D07B1EC7F5EB0007ACBD /* AppCoordinator.swift in Sources */,
				1AED93D81ECFEF440017FAD6 /* OAuthAccessToken.swift in Sources */,
				1A0C2E1A1ED3DE8800107D5B /* Reusable.swift in Sources */,
				1A7ABF4C1EC3F82E00752AF9 /* NetworkClient.swift in Sources */,
				1A7ABF4E1EC3FC3600752AF9 /* Errors.swift in Sources */,
			);
			runOnlyForDeploymentPostprocessing = 0;
		};
		1AA4FFDB1EC15DA100F26BAB /* Sources */ = {
			isa = PBXSourcesBuildPhase;
			buildActionMask = 2147483647;
			files = (
				1AA4FFE41EC15DA100F26BAB /* DateToDataConversionTests.swift in Sources */,
				1AED93D61ECFE8C20017FAD6 /* OAuthAccessTokenTests.swift in Sources */,
			);
			runOnlyForDeploymentPostprocessing = 0;
		};
		1AA4FFE61EC15DA100F26BAB /* Sources */ = {
			isa = PBXSourcesBuildPhase;
			buildActionMask = 2147483647;
			files = (
				1AA4FFEF1EC15DA100F26BAB /* SinceLastUITests.swift in Sources */,
			);
			runOnlyForDeploymentPostprocessing = 0;
		};
/* End PBXSourcesBuildPhase section */

/* Begin PBXTargetDependency section */
		1AA4FFE11EC15DA100F26BAB /* PBXTargetDependency */ = {
			isa = PBXTargetDependency;
			target = 1AA4FFCA1EC15DA100F26BAB /* SinceLast */;
			targetProxy = 1AA4FFE01EC15DA100F26BAB /* PBXContainerItemProxy */;
		};
		1AA4FFEC1EC15DA100F26BAB /* PBXTargetDependency */ = {
			isa = PBXTargetDependency;
			target = 1AA4FFCA1EC15DA100F26BAB /* SinceLast */;
			targetProxy = 1AA4FFEB1EC15DA100F26BAB /* PBXContainerItemProxy */;
		};
/* End PBXTargetDependency section */

/* Begin XCBuildConfiguration section */
		1AA4FFF11EC15DA100F26BAB /* Debug */ = {
			isa = XCBuildConfiguration;
			buildSettings = {
				ALWAYS_SEARCH_USER_PATHS = NO;
				CLANG_ANALYZER_NONNULL = YES;
				CLANG_ANALYZER_NUMBER_OBJECT_CONVERSION = YES_AGGRESSIVE;
				CLANG_CXX_LANGUAGE_STANDARD = "gnu++0x";
				CLANG_CXX_LIBRARY = "libc++";
				CLANG_ENABLE_MODULES = YES;
				CLANG_ENABLE_OBJC_ARC = YES;
				CLANG_WARN_BOOL_CONVERSION = YES;
				CLANG_WARN_CONSTANT_CONVERSION = YES;
				CLANG_WARN_DIRECT_OBJC_ISA_USAGE = YES_ERROR;
				CLANG_WARN_DOCUMENTATION_COMMENTS = YES;
				CLANG_WARN_EMPTY_BODY = YES;
				CLANG_WARN_ENUM_CONVERSION = YES;
				CLANG_WARN_INFINITE_RECURSION = YES;
				CLANG_WARN_INT_CONVERSION = YES;
				CLANG_WARN_OBJC_ROOT_CLASS = YES_ERROR;
				CLANG_WARN_SUSPICIOUS_MOVE = YES;
				CLANG_WARN_UNREACHABLE_CODE = YES;
				CLANG_WARN__DUPLICATE_METHOD_MATCH = YES;
				"CODE_SIGN_IDENTITY[sdk=iphoneos*]" = "iPhone Developer";
				COPY_PHASE_STRIP = NO;
				DEBUG_INFORMATION_FORMAT = dwarf;
				ENABLE_STRICT_OBJC_MSGSEND = YES;
				ENABLE_TESTABILITY = YES;
				GCC_C_LANGUAGE_STANDARD = gnu99;
				GCC_DYNAMIC_NO_PIC = NO;
				GCC_NO_COMMON_BLOCKS = YES;
				GCC_OPTIMIZATION_LEVEL = 0;
				GCC_PREPROCESSOR_DEFINITIONS = (
					"DEBUG=1",
					"$(inherited)",
				);
				GCC_WARN_64_TO_32_BIT_CONVERSION = YES;
				GCC_WARN_ABOUT_RETURN_TYPE = YES_ERROR;
				GCC_WARN_UNDECLARED_SELECTOR = YES;
				GCC_WARN_UNINITIALIZED_AUTOS = YES_AGGRESSIVE;
				GCC_WARN_UNUSED_FUNCTION = YES;
				GCC_WARN_UNUSED_VARIABLE = YES;
				IPHONEOS_DEPLOYMENT_TARGET = 10.3;
				MTL_ENABLE_DEBUG_INFO = YES;
				ONLY_ACTIVE_ARCH = YES;
				SDKROOT = iphoneos;
				SWIFT_ACTIVE_COMPILATION_CONDITIONS = DEBUG;
				SWIFT_OPTIMIZATION_LEVEL = "-Onone";
			};
			name = Debug;
		};
		1AA4FFF21EC15DA100F26BAB /* Release */ = {
			isa = XCBuildConfiguration;
			buildSettings = {
				ALWAYS_SEARCH_USER_PATHS = NO;
				CLANG_ANALYZER_NONNULL = YES;
				CLANG_ANALYZER_NUMBER_OBJECT_CONVERSION = YES_AGGRESSIVE;
				CLANG_CXX_LANGUAGE_STANDARD = "gnu++0x";
				CLANG_CXX_LIBRARY = "libc++";
				CLANG_ENABLE_MODULES = YES;
				CLANG_ENABLE_OBJC_ARC = YES;
				CLANG_WARN_BOOL_CONVERSION = YES;
				CLANG_WARN_CONSTANT_CONVERSION = YES;
				CLANG_WARN_DIRECT_OBJC_ISA_USAGE = YES_ERROR;
				CLANG_WARN_DOCUMENTATION_COMMENTS = YES;
				CLANG_WARN_EMPTY_BODY = YES;
				CLANG_WARN_ENUM_CONVERSION = YES;
				CLANG_WARN_INFINITE_RECURSION = YES;
				CLANG_WARN_INT_CONVERSION = YES;
				CLANG_WARN_OBJC_ROOT_CLASS = YES_ERROR;
				CLANG_WARN_SUSPICIOUS_MOVE = YES;
				CLANG_WARN_UNREACHABLE_CODE = YES;
				CLANG_WARN__DUPLICATE_METHOD_MATCH = YES;
				"CODE_SIGN_IDENTITY[sdk=iphoneos*]" = "iPhone Developer";
				COPY_PHASE_STRIP = NO;
				DEBUG_INFORMATION_FORMAT = "dwarf-with-dsym";
				ENABLE_NS_ASSERTIONS = NO;
				ENABLE_STRICT_OBJC_MSGSEND = YES;
				GCC_C_LANGUAGE_STANDARD = gnu99;
				GCC_NO_COMMON_BLOCKS = YES;
				GCC_WARN_64_TO_32_BIT_CONVERSION = YES;
				GCC_WARN_ABOUT_RETURN_TYPE = YES_ERROR;
				GCC_WARN_UNDECLARED_SELECTOR = YES;
				GCC_WARN_UNINITIALIZED_AUTOS = YES_AGGRESSIVE;
				GCC_WARN_UNUSED_FUNCTION = YES;
				GCC_WARN_UNUSED_VARIABLE = YES;
				IPHONEOS_DEPLOYMENT_TARGET = 10.3;
				MTL_ENABLE_DEBUG_INFO = NO;
				SDKROOT = iphoneos;
				SWIFT_OPTIMIZATION_LEVEL = "-Owholemodule";
				VALIDATE_PRODUCT = YES;
			};
			name = Release;
		};
		1AA4FFF41EC15DA100F26BAB /* Debug */ = {
			isa = XCBuildConfiguration;
			buildSettings = {
				ASSETCATALOG_COMPILER_APPICON_NAME = AppIcon;
				CURRENT_PROJECT_VERSION = 3;
				DEVELOPMENT_TEAM = FPK49A3586;
				FRAMEWORK_SEARCH_PATHS = (
					"$(inherited)",
					"$(PROJECT_DIR)/Carthage/Build/iOS",
					"$(PROJECT_DIR)/Carthage/Build/Mac",
				);
				INFOPLIST_FILE = SinceLast/Info.plist;
				IPHONEOS_DEPLOYMENT_TARGET = 10.3;
				LD_RUNPATH_SEARCH_PATHS = "$(inherited) @executable_path/Frameworks";
				PRODUCT_BUNDLE_IDENTIFIER = com.incyc.sincelast;
				PRODUCT_NAME = "$(TARGET_NAME)";
				SWIFT_VERSION = 3.0;
				TARGETED_DEVICE_FAMILY = "1,2";
				VERSIONING_SYSTEM = "apple-generic";
			};
			name = Debug;
		};
		1AA4FFF51EC15DA100F26BAB /* Release */ = {
			isa = XCBuildConfiguration;
			buildSettings = {
				ASSETCATALOG_COMPILER_APPICON_NAME = AppIcon;
				CURRENT_PROJECT_VERSION = 3;
				DEVELOPMENT_TEAM = FPK49A3586;
				FRAMEWORK_SEARCH_PATHS = (
					"$(inherited)",
					"$(PROJECT_DIR)/Carthage/Build/iOS",
					"$(PROJECT_DIR)/Carthage/Build/Mac",
				);
				INFOPLIST_FILE = SinceLast/Info.plist;
				IPHONEOS_DEPLOYMENT_TARGET = 10.3;
				LD_RUNPATH_SEARCH_PATHS = "$(inherited) @executable_path/Frameworks";
				PRODUCT_BUNDLE_IDENTIFIER = com.incyc.sincelast;
				PRODUCT_NAME = "$(TARGET_NAME)";
				SWIFT_VERSION = 3.0;
				TARGETED_DEVICE_FAMILY = "1,2";
				VERSIONING_SYSTEM = "apple-generic";
			};
			name = Release;
		};
		1AA4FFF71EC15DA100F26BAB /* Debug */ = {
			isa = XCBuildConfiguration;
			buildSettings = {
				ALWAYS_EMBED_SWIFT_STANDARD_LIBRARIES = YES;
				BUNDLE_LOADER = "$(TEST_HOST)";
				DEVELOPMENT_TEAM = FPK49A3586;
				INFOPLIST_FILE = SinceLastTests/Info.plist;
				LD_RUNPATH_SEARCH_PATHS = "$(inherited) @executable_path/Frameworks @loader_path/Frameworks";
				PRODUCT_BUNDLE_IDENTIFIER = com.incyc.SinceLastTests;
				PRODUCT_NAME = "$(TARGET_NAME)";
				SWIFT_VERSION = 3.0;
				TEST_HOST = "$(BUILT_PRODUCTS_DIR)/SinceLast.app/SinceLast";
			};
			name = Debug;
		};
		1AA4FFF81EC15DA100F26BAB /* Release */ = {
			isa = XCBuildConfiguration;
			buildSettings = {
				ALWAYS_EMBED_SWIFT_STANDARD_LIBRARIES = YES;
				BUNDLE_LOADER = "$(TEST_HOST)";
				DEVELOPMENT_TEAM = FPK49A3586;
				INFOPLIST_FILE = SinceLastTests/Info.plist;
				LD_RUNPATH_SEARCH_PATHS = "$(inherited) @executable_path/Frameworks @loader_path/Frameworks";
				PRODUCT_BUNDLE_IDENTIFIER = com.incyc.SinceLastTests;
				PRODUCT_NAME = "$(TARGET_NAME)";
				SWIFT_VERSION = 3.0;
				TEST_HOST = "$(BUILT_PRODUCTS_DIR)/SinceLast.app/SinceLast";
			};
			name = Release;
		};
		1AA4FFFA1EC15DA100F26BAB /* Debug */ = {
			isa = XCBuildConfiguration;
			buildSettings = {
				ALWAYS_EMBED_SWIFT_STANDARD_LIBRARIES = YES;
				DEVELOPMENT_TEAM = FPK49A3586;
				INFOPLIST_FILE = SinceLastUITests/Info.plist;
				LD_RUNPATH_SEARCH_PATHS = "$(inherited) @executable_path/Frameworks @loader_path/Frameworks";
				PRODUCT_BUNDLE_IDENTIFIER = com.incyc.SinceLastUITests;
				PRODUCT_NAME = "$(TARGET_NAME)";
				SWIFT_VERSION = 3.0;
				TEST_TARGET_NAME = SinceLast;
			};
			name = Debug;
		};
		1AA4FFFB1EC15DA100F26BAB /* Release */ = {
			isa = XCBuildConfiguration;
			buildSettings = {
				ALWAYS_EMBED_SWIFT_STANDARD_LIBRARIES = YES;
				DEVELOPMENT_TEAM = FPK49A3586;
				INFOPLIST_FILE = SinceLastUITests/Info.plist;
				LD_RUNPATH_SEARCH_PATHS = "$(inherited) @executable_path/Frameworks @loader_path/Frameworks";
				PRODUCT_BUNDLE_IDENTIFIER = com.incyc.SinceLastUITests;
				PRODUCT_NAME = "$(TARGET_NAME)";
				SWIFT_VERSION = 3.0;
				TEST_TARGET_NAME = SinceLast;
			};
			name = Release;
		};
/* End XCBuildConfiguration section */

/* Begin XCConfigurationList section */
		1AA4FFC61EC15DA100F26BAB /* Build configuration list for PBXProject "SinceLast" */ = {
			isa = XCConfigurationList;
			buildConfigurations = (
				1AA4FFF11EC15DA100F26BAB /* Debug */,
				1AA4FFF21EC15DA100F26BAB /* Release */,
			);
			defaultConfigurationIsVisible = 0;
			defaultConfigurationName = Release;
		};
		1AA4FFF31EC15DA100F26BAB /* Build configuration list for PBXNativeTarget "SinceLast" */ = {
			isa = XCConfigurationList;
			buildConfigurations = (
				1AA4FFF41EC15DA100F26BAB /* Debug */,
				1AA4FFF51EC15DA100F26BAB /* Release */,
			);
			defaultConfigurationIsVisible = 0;
			defaultConfigurationName = Release;
		};
		1AA4FFF61EC15DA100F26BAB /* Build configuration list for PBXNativeTarget "SinceLastTests" */ = {
			isa = XCConfigurationList;
			buildConfigurations = (
				1AA4FFF71EC15DA100F26BAB /* Debug */,
				1AA4FFF81EC15DA100F26BAB /* Release */,
			);
			defaultConfigurationIsVisible = 0;
			defaultConfigurationName = Release;
		};
		1AA4FFF91EC15DA100F26BAB /* Build configuration list for PBXNativeTarget "SinceLastUITests" */ = {
			isa = XCConfigurationList;
			buildConfigurations = (
				1AA4FFFA1EC15DA100F26BAB /* Debug */,
				1AA4FFFB1EC15DA100F26BAB /* Release */,
			);
			defaultConfigurationIsVisible = 0;
			defaultConfigurationName = Release;
		};
/* End XCConfigurationList section */
	};
	rootObject = 1AA4FFC31EC15DA100F26BAB /* Project object */;
}
